
Microsoft Visual Studio Solution File, Format Version 12.00
# Visual Studio Version 16
VisualStudioVersion = 16.0.30711.63
MinimumVisualStudioVersion = 10.0.40219.1
Project("{FAE04EC0-301F-11D3-BF4B-00C04F79EFBC}") = "zad1", "zad1.csproj", "{7691E6A7-10BB-4981-84EA-02D9F1A78D8B}"
EndProject
Global
	GlobalSection(SolutionConfigurationPlatforms) = preSolution
		Debug|Any CPU = Debug|Any CPU
		Release|Any CPU = Release|Any CPU
	EndGlobalSection
	GlobalSection(ProjectConfigurationPlatforms) = postSolution
		{7691E6A7-10BB-4981-84EA-02D9F1A78D8B}.Debug|Any CPU.ActiveCfg = Debug|Any CPU
		{7691E6A7-10BB-4981-84EA-02D9F1A78D8B}.Debug|Any CPU.Build.0 = Debug|Any CPU
		{7691E6A7-10BB-4981-84EA-02D9F1A78D8B}.Release|Any CPU.ActiveCfg = Release|Any CPU
		{7691E6A7-10BB-4981-84EA-02D9F1A78D8B}.Release|Any CPU.Build.0 = Release|Any CPU
	EndGlobalSection
	GlobalSection(SolutionProperties) = preSolution
		HideSolutionNode = FALSE
	EndGlobalSection
	GlobalSection(ExtensibilityGlobals) = postSolution
		SolutionGuid = {9C62AFA1-AFB4-4FA2-8702-8F787961CC47}
	EndGlobalSection
EndGlobal
