
Microsoft Visual Studio Solution File, Format Version 12.00
# Visual Studio Version 16
VisualStudioVersion = 16.0.30711.63
MinimumVisualStudioVersion = 10.0.40219.1
Project("{FAE04EC0-301F-11D3-BF4B-00C04F79EFBC}") = "zad4", "zad4.csproj", "{C30603F1-B4E0-4069-ABCF-2C3E1B3537B4}"
EndProject
Global
	GlobalSection(SolutionConfigurationPlatforms) = preSolution
		Debug|Any CPU = Debug|Any CPU
		Release|Any CPU = Release|Any CPU
	EndGlobalSection
	GlobalSection(ProjectConfigurationPlatforms) = postSolution
		{C30603F1-B4E0-4069-ABCF-2C3E1B3537B4}.Debug|Any CPU.ActiveCfg = Debug|Any CPU
		{C30603F1-B4E0-4069-ABCF-2C3E1B3537B4}.Debug|Any CPU.Build.0 = Debug|Any CPU
		{C30603F1-B4E0-4069-ABCF-2C3E1B3537B4}.Release|Any CPU.ActiveCfg = Release|Any CPU
		{C30603F1-B4E0-4069-ABCF-2C3E1B3537B4}.Release|Any CPU.Build.0 = Release|Any CPU
	EndGlobalSection
	GlobalSection(SolutionProperties) = preSolution
		HideSolutionNode = FALSE
	EndGlobalSection
	GlobalSection(ExtensibilityGlobals) = postSolution
		SolutionGuid = {A2DECD99-8EAF-4508-AEE0-305A86C22A5D}
	EndGlobalSection
EndGlobal
